<?xml version="1.0" encoding="utf-8"?>
<Project ToolsVersion="4.0" xmlns="http://schemas.microsoft.com/developer/msbuild/2003">
  <ItemGroup>
    <ClCompile Include="Core.cpp" />
    <ClCompile Include="DataReader.cpp" />
    <ClCompile Include="DebugConsole.cpp" />
    <ClCompile Include="DebugInput.cpp" />
    <ClCompile Include="GF.cpp" />
    <ClCompile Include="IngameMenu.cpp" />
    <ClCompile Include="Input.cpp" />
    <ClCompile Include="Item.cpp" />
    <ClCompile Include="LuaHandler.cpp" />
    <ClCompile Include="NPC.cpp" />
    <ClCompile Include="Part.cpp" />
    <ClCompile Include="Particle.cpp" />
    <ClCompile Include="Player.cpp" />
    <ClCompile Include="Projectile.cpp" />
    <ClCompile Include="Script.cpp" />
    <ClCompile Include="template.cpp" />
    <ClCompile Include="UI.cpp" />
    <ClCompile Include="Weapon.cpp" />
    <ClCompile Include="World.cpp" />
    <ClCompile Include="WorldSim.cpp" />
    <ClCompile Include="zString.cpp" />
    <ClCompile Include="LUA\lapi.c">
      <Filter>LUA</Filter>
    </ClCompile>
    <ClCompile Include="LUA\lauxlib.c">
      <Filter>LUA</Filter>
    </ClCompile>
    <ClCompile Include="LUA\lbaselib.c">
      <Filter>LUA</Filter>
    </ClCompile>
    <ClCompile Include="LUA\lbitlib.c">
      <Filter>LUA</Filter>
    </ClCompile>
    <ClCompile Include="LUA\lcode.c">
      <Filter>LUA</Filter>
    </ClCompile>
    <ClCompile Include="LUA\lcorolib.c">
      <Filter>LUA</Filter>
    </ClCompile>
    <ClCompile Include="LUA\lctype.c">
      <Filter>LUA</Filter>
    </ClCompile>
    <ClCompile Include="LUA\ldblib.c">
      <Filter>LUA</Filter>
    </ClCompile>
    <ClCompile Include="LUA\ldebug.c">
      <Filter>LUA</Filter>
    </ClCompile>
    <ClCompile Include="LUA\ldo.c">
      <Filter>LUA</Filter>
    </ClCompile>
    <ClCompile Include="LUA\ldump.c">
      <Filter>LUA</Filter>
    </ClCompile>
    <ClCompile Include="LUA\lfunc.c">
      <Filter>LUA</Filter>
    </ClCompile>
    <ClCompile Include="LUA\lgc.c">
      <Filter>LUA</Filter>
    </ClCompile>
    <ClCompile Include="LUA\linit.c">
      <Filter>LUA</Filter>
    </ClCompile>
    <ClCompile Include="LUA\liolib.c">
      <Filter>LUA</Filter>
    </ClCompile>
    <ClCompile Include="LUA\llex.c">
      <Filter>LUA</Filter>
    </ClCompile>
    <ClCompile Include="LUA\lmathlib.c">
      <Filter>LUA</Filter>
    </ClCompile>
    <ClCompile Include="LUA\lmem.c">
      <Filter>LUA</Filter>
    </ClCompile>
    <ClCompile Include="LUA\loadlib.c">
      <Filter>LUA</Filter>
    </ClCompile>
    <ClCompile Include="LUA\lobject.c">
      <Filter>LUA</Filter>
    </ClCompile>
    <ClCompile Include="LUA\lopcodes.c">
      <Filter>LUA</Filter>
    </ClCompile>
    <ClCompile Include="LUA\loslib.c">
      <Filter>LUA</Filter>
    </ClCompile>
    <ClCompile Include="LUA\lparser.c">
      <Filter>LUA</Filter>
    </ClCompile>
    <ClCompile Include="LUA\lstate.c">
      <Filter>LUA</Filter>
    </ClCompile>
    <ClCompile Include="LUA\lstring.c">
      <Filter>LUA</Filter>
    </ClCompile>
    <ClCompile Include="LUA\lstrlib.c">
      <Filter>LUA</Filter>
    </ClCompile>
    <ClCompile Include="LUA\ltable.c">
      <Filter>LUA</Filter>
    </ClCompile>
    <ClCompile Include="LUA\ltablib.c">
      <Filter>LUA</Filter>
    </ClCompile>
    <ClCompile Include="LUA\ltm.c">
      <Filter>LUA</Filter>
    </ClCompile>
    <ClCompile Include="LUA\lundump.c">
      <Filter>LUA</Filter>
    </ClCompile>
    <ClCompile Include="LUA\lvm.c">
      <Filter>LUA</Filter>
    </ClCompile>
    <ClCompile Include="LUA\lzio.c">
      <Filter>LUA</Filter>
    </ClCompile>
  </ItemGroup>
  <ItemGroup>
    <ClInclude Include="DataReader.h" />
    <ClInclude Include="DebugConsole.h" />
    <ClInclude Include="DebugInput.h" />
    <ClInclude Include="GF.h" />
    <ClInclude Include="IngameMenu.h" />
    <ClInclude Include="Input.h" />
    <ClInclude Include="Item.h" />
    <ClInclude Include="LuaHandler.h" />
    <ClInclude Include="NPC.h" />
    <ClInclude Include="Part.h" />
    <ClInclude Include="Particle.h" />
    <ClInclude Include="Player.h" />
    <ClInclude Include="Projectile.h" />
    <ClInclude Include="Script.h" />
    <ClInclude Include="template.h" />
    <ClInclude Include="UI.h" />
    <ClInclude Include="Weapon.h" />
    <ClInclude Include="World.h" />
    <ClInclude Include="WorldSim.h" />
    <ClInclude Include="zString.h" />
    <ClInclude Include="LUA\lapi.h">
      <Filter>LUA</Filter>
    </ClInclude>
    <ClInclude Include="LUA\lauxlib.h">
      <Filter>LUA</Filter>
    </ClInclude>
    <ClInclude Include="LUA\lcode.h">
      <Filter>LUA</Filter>
    </ClInclude>
    <ClInclude Include="LUA\lctype.h">
      <Filter>LUA</Filter>
    </ClInclude>
    <ClInclude Include="LUA\ldebug.h">
      <Filter>LUA</Filter>
    </ClInclude>
    <ClInclude Include="LUA\ldo.h">
      <Filter>LUA</Filter>
    </ClInclude>
    <ClInclude Include="LUA\lfunc.h">
      <Filter>LUA</Filter>
    </ClInclude>
    <ClInclude Include="LUA\lgc.h">
      <Filter>LUA</Filter>
    </ClInclude>
    <ClInclude Include="LUA\llex.h">
      <Filter>LUA</Filter>
    </ClInclude>
    <ClInclude Include="LUA\llimits.h">
      <Filter>LUA</Filter>
    </ClInclude>
    <ClInclude Include="LUA\lmem.h">
      <Filter>LUA</Filter>
    </ClInclude>
    <ClInclude Include="LUA\lobject.h">
      <Filter>LUA</Filter>
    </ClInclude>
    <ClInclude Include="LUA\lopcodes.h">
      <Filter>LUA</Filter>
    </ClInclude>
    <ClInclude Include="LUA\lparser.h">
      <Filter>LUA</Filter>
    </ClInclude>
    <ClInclude Include="LUA\lstate.h">
      <Filter>LUA</Filter>
    </ClInclude>
    <ClInclude Include="LUA\lstring.h">
      <Filter>LUA</Filter>
    </ClInclude>
    <ClInclude Include="LUA\ltable.h">
      <Filter>LUA</Filter>
    </ClInclude>
    <ClInclude Include="LUA\ltm.h">
      <Filter>LUA</Filter>
    </ClInclude>
    <ClInclude Include="LUA\lua.h">
      <Filter>LUA</Filter>
    </ClInclude>
    <ClInclude Include="LUA\lua.hpp">
      <Filter>LUA</Filter>
    </ClInclude>
    <ClInclude Include="LUA\luaconf.h">
      <Filter>LUA</Filter>
    </ClInclude>
    <ClInclude Include="LUA\lualib.h">
      <Filter>LUA</Filter>
    </ClInclude>
    <ClInclude Include="LUA\lundump.h">
      <Filter>LUA</Filter>
    </ClInclude>
    <ClInclude Include="LUA\lvm.h">
      <Filter>LUA</Filter>
    </ClInclude>
    <ClInclude Include="LUA\lzio.h">
      <Filter>LUA</Filter>
    </ClInclude>
  </ItemGroup>
  <ItemGroup>
    <Filter Include="LUA">
      <UniqueIdentifier>{d4de5977-2b49-4a79-b513-17cdbb166fea}</UniqueIdentifier>
    </Filter>
  </ItemGroup>
</Project>